
Microsoft Visual Studio Solution File, Format Version 12.00
Project("{FAE04EC0-301F-11D3-BF4B-00C04F79EFBC}") = "Nexus", "Nexus.Program\Nexus.csproj", "{769DDBD7-E375-4E04-9386-C1AA99CC2263}"
EndProject
Project("{2150E333-8FDC-42A3-9474-1A3956D46DE8}") = "Common", "Common", "{D8868FE9-31EF-4C2C-AAED-4766B6BE1339}"
EndProject
Project("{FAE04EC0-301F-11D3-BF4B-00C04F79EFBC}") = "Alexr03.Common", "..\..\..\TCAdmin\TCAdminExtensions\Alexr03.Common\Alexr03.Common.csproj", "{F51453A6-0FEF-4649-B1A4-57647DE4A9DF}"
EndProject
Project("{FAE04EC0-301F-11D3-BF4B-00C04F79EFBC}") = "NexusDeployment", "NexusDeployment\NexusDeployment.csproj", "{9A4E4673-4363-4B1B-A909-55B95FCC2275}"
EndProject
Project("{2150E333-8FDC-42A3-9474-1A3956D46DE8}") = "Modules", "Modules", "{A119758A-7FFC-4F03-A167-88A469093FD8}"
EndProject
Project("{FAE04EC0-301F-11D3-BF4B-00C04F79EFBC}") = "SteamModule", "Nexus-Modules\SteamModule\SteamModule.csproj", "{6071CE87-5273-45F2-93D8-48555EF2F446}"
EndProject
Project("{FAE04EC0-301F-11D3-BF4B-00C04F79EFBC}") = "LYHMEModule", "Nexus-Modules\LYHMEModule\LYHMEModule.csproj", "{DE509D2B-A273-460E-A1A3-9F20B92BED84}"
EndProject
Project("{FAE04EC0-301F-11D3-BF4B-00C04F79EFBC}") = "CoreModule", "Nexus-Modules\CoreModule\CoreModule.csproj", "{2C98AF2E-F5F0-4086-A392-BEA483063E6E}"
EndProject
Global
	GlobalSection(SolutionConfigurationPlatforms) = preSolution
		Debug|Any CPU = Debug|Any CPU
		Release|Any CPU = Release|Any CPU
	EndGlobalSection
	GlobalSection(ProjectConfigurationPlatforms) = postSolution
		{769DDBD7-E375-4E04-9386-C1AA99CC2263}.Debug|Any CPU.ActiveCfg = Debug|Any CPU
		{769DDBD7-E375-4E04-9386-C1AA99CC2263}.Debug|Any CPU.Build.0 = Debug|Any CPU
		{769DDBD7-E375-4E04-9386-C1AA99CC2263}.Release|Any CPU.ActiveCfg = Release|Any CPU
		{769DDBD7-E375-4E04-9386-C1AA99CC2263}.Release|Any CPU.Build.0 = Release|Any CPU
		{F51453A6-0FEF-4649-B1A4-57647DE4A9DF}.Debug|Any CPU.ActiveCfg = Debug|Any CPU
		{F51453A6-0FEF-4649-B1A4-57647DE4A9DF}.Debug|Any CPU.Build.0 = Debug|Any CPU
		{F51453A6-0FEF-4649-B1A4-57647DE4A9DF}.Release|Any CPU.ActiveCfg = Release|Any CPU
		{F51453A6-0FEF-4649-B1A4-57647DE4A9DF}.Release|Any CPU.Build.0 = Release|Any CPU
		{9A4E4673-4363-4B1B-A909-55B95FCC2275}.Debug|Any CPU.ActiveCfg = Debug|Any CPU
		{9A4E4673-4363-4B1B-A909-55B95FCC2275}.Debug|Any CPU.Build.0 = Debug|Any CPU
		{9A4E4673-4363-4B1B-A909-55B95FCC2275}.Release|Any CPU.ActiveCfg = Release|Any CPU
		{9A4E4673-4363-4B1B-A909-55B95FCC2275}.Release|Any CPU.Build.0 = Release|Any CPU
		{6071CE87-5273-45F2-93D8-48555EF2F446}.Debug|Any CPU.ActiveCfg = Debug|Any CPU
		{6071CE87-5273-45F2-93D8-48555EF2F446}.Debug|Any CPU.Build.0 = Debug|Any CPU
		{6071CE87-5273-45F2-93D8-48555EF2F446}.Release|Any CPU.ActiveCfg = Release|Any CPU
		{6071CE87-5273-45F2-93D8-48555EF2F446}.Release|Any CPU.Build.0 = Release|Any CPU
		{DE509D2B-A273-460E-A1A3-9F20B92BED84}.Debug|Any CPU.ActiveCfg = Debug|Any CPU
		{DE509D2B-A273-460E-A1A3-9F20B92BED84}.Debug|Any CPU.Build.0 = Debug|Any CPU
		{DE509D2B-A273-460E-A1A3-9F20B92BED84}.Release|Any CPU.ActiveCfg = Release|Any CPU
		{DE509D2B-A273-460E-A1A3-9F20B92BED84}.Release|Any CPU.Build.0 = Release|Any CPU
		{2C98AF2E-F5F0-4086-A392-BEA483063E6E}.Debug|Any CPU.ActiveCfg = Debug|Any CPU
		{2C98AF2E-F5F0-4086-A392-BEA483063E6E}.Debug|Any CPU.Build.0 = Debug|Any CPU
		{2C98AF2E-F5F0-4086-A392-BEA483063E6E}.Release|Any CPU.ActiveCfg = Release|Any CPU
		{2C98AF2E-F5F0-4086-A392-BEA483063E6E}.Release|Any CPU.Build.0 = Release|Any CPU
	EndGlobalSection
	GlobalSection(NestedProjects) = preSolution
		{F51453A6-0FEF-4649-B1A4-57647DE4A9DF} = {D8868FE9-31EF-4C2C-AAED-4766B6BE1339}
		{6071CE87-5273-45F2-93D8-48555EF2F446} = {A119758A-7FFC-4F03-A167-88A469093FD8}
		{DE509D2B-A273-460E-A1A3-9F20B92BED84} = {A119758A-7FFC-4F03-A167-88A469093FD8}
		{2C98AF2E-F5F0-4086-A392-BEA483063E6E} = {A119758A-7FFC-4F03-A167-88A469093FD8}
	EndGlobalSection
EndGlobal
